
Microsoft Visual Studio Solution File, Format Version 12.00
# Visual Studio Version 16
VisualStudioVersion = 16.0.28803.202
MinimumVisualStudioVersion = 10.0.40219.1
Project("{FAE04EC0-301F-11D3-BF4B-00C04F79EFBC}") = "WindowsFormsApp6", "..\WindowsFormsApp6\WindowsFormsApp6.csproj", "{B73A18F4-D880-4CFF-A96D-B978106DFC60}"
EndProject
Global
	GlobalSection(SolutionConfigurationPlatforms) = preSolution
		Debug|Any CPU = Debug|Any CPU
		Release|Any CPU = Release|Any CPU
	EndGlobalSection
	GlobalSection(ProjectConfigurationPlatforms) = postSolution
		{B73A18F4-D880-4CFF-A96D-B978106DFC60}.Debug|Any CPU.ActiveCfg = Debug|Any CPU
		{B73A18F4-D880-4CFF-A96D-B978106DFC60}.Debug|Any CPU.Build.0 = Debug|Any CPU
		{B73A18F4-D880-4CFF-A96D-B978106DFC60}.Release|Any CPU.ActiveCfg = Release|Any CPU
		{B73A18F4-D880-4CFF-A96D-B978106DFC60}.Release|Any CPU.Build.0 = Release|Any CPU
	EndGlobalSection
	GlobalSection(SolutionProperties) = preSolution
		HideSolutionNode = FALSE
	EndGlobalSection
	GlobalSection(ExtensibilityGlobals) = postSolution
		SolutionGuid = {D67992D5-3271-46DD-8D86-E690C1D5DC0A}
	EndGlobalSection
EndGlobal
